{
  "requires": true,
  "lockfileVersion": 1,
  "dependencies": {
    "ng-flash-messages": {
      "version": "0.3.0",
      "resolved": "https://registry.npmjs.org/ng-flash-messages/-/ng-flash-messages-0.3.0.tgz",
      "integrity": "sha512-/oHbyYJQTjI1lXZnWyZcBC1N8phTbt52LTRDi+f6T09x0F8/aQLC1mUrrwFVCBSMt3J9O2K01Rwnu/chnmh8cw=="
    }
  }
}
